
Microsoft Visual Studio Solution File, Format Version 12.00
# Visual Studio 15
VisualStudioVersion = 15.0.28306.52
MinimumVisualStudioVersion = 10.0.40219.1
Project("{2150E333-8FDC-42A3-9474-1A3956D46DE8}") = "src", "src", "{A8EA1A26-EA0A-4647-A69F-48204A7AA9A0}"
EndProject
Project("{2150E333-8FDC-42A3-9474-1A3956D46DE8}") = "examples", "examples", "{16DEE8FC-5EDE-42DF-9386-528F579C166D}"
EndProject
Project("{FAE04EC0-301F-11D3-BF4B-00C04F79EFBC}") = "02.Client", "examples\Client\02.Client.csproj", "{1179EDCA-1A93-401C-A847-AAB563C5029E}"
EndProject
Project("{FAE04EC0-301F-11D3-BF4B-00C04F79EFBC}") = "00.Common", "examples\Common\00.Common.csproj", "{9346E459-9DFC-4515-90E8-933A6B8F59B5}"
EndProject
Project("{FAE04EC0-301F-11D3-BF4B-00C04F79EFBC}") = "01.Server", "examples\Server\01.Server.csproj", "{1DF0C97E-BF52-42D4-87DA-36025C34CDAB}"
EndProject
Project("{9A19103F-16F7-4668-BE54-9A1E7A4F7556}") = "DotNettyRPC", "src\DotNettyRPC\DotNettyRPC.csproj", "{20203900-CE4A-4B88-A006-82DF4F9D9A12}"
EndProject
Project("{FAE04EC0-301F-11D3-BF4B-00C04F79EFBC}") = "03.WebClient", "examples\WebClient\03.WebClient.csproj", "{E91D2C7B-CF16-42BF-866B-2EC453228F34}"
EndProject
Global
	GlobalSection(SolutionConfigurationPlatforms) = preSolution
		Debug|Any CPU = Debug|Any CPU
		Release|Any CPU = Release|Any CPU
	EndGlobalSection
	GlobalSection(ProjectConfigurationPlatforms) = postSolution
		{1179EDCA-1A93-401C-A847-AAB563C5029E}.Debug|Any CPU.ActiveCfg = Debug|Any CPU
		{1179EDCA-1A93-401C-A847-AAB563C5029E}.Debug|Any CPU.Build.0 = Debug|Any CPU
		{1179EDCA-1A93-401C-A847-AAB563C5029E}.Release|Any CPU.ActiveCfg = Release|Any CPU
		{1179EDCA-1A93-401C-A847-AAB563C5029E}.Release|Any CPU.Build.0 = Release|Any CPU
		{9346E459-9DFC-4515-90E8-933A6B8F59B5}.Debug|Any CPU.ActiveCfg = Debug|Any CPU
		{9346E459-9DFC-4515-90E8-933A6B8F59B5}.Debug|Any CPU.Build.0 = Debug|Any CPU
		{9346E459-9DFC-4515-90E8-933A6B8F59B5}.Release|Any CPU.ActiveCfg = Release|Any CPU
		{9346E459-9DFC-4515-90E8-933A6B8F59B5}.Release|Any CPU.Build.0 = Release|Any CPU
		{1DF0C97E-BF52-42D4-87DA-36025C34CDAB}.Debug|Any CPU.ActiveCfg = Debug|Any CPU
		{1DF0C97E-BF52-42D4-87DA-36025C34CDAB}.Debug|Any CPU.Build.0 = Debug|Any CPU
		{1DF0C97E-BF52-42D4-87DA-36025C34CDAB}.Release|Any CPU.ActiveCfg = Release|Any CPU
		{1DF0C97E-BF52-42D4-87DA-36025C34CDAB}.Release|Any CPU.Build.0 = Release|Any CPU
		{20203900-CE4A-4B88-A006-82DF4F9D9A12}.Debug|Any CPU.ActiveCfg = Debug|Any CPU
		{20203900-CE4A-4B88-A006-82DF4F9D9A12}.Debug|Any CPU.Build.0 = Debug|Any CPU
		{20203900-CE4A-4B88-A006-82DF4F9D9A12}.Release|Any CPU.ActiveCfg = Release|Any CPU
		{20203900-CE4A-4B88-A006-82DF4F9D9A12}.Release|Any CPU.Build.0 = Release|Any CPU
		{E91D2C7B-CF16-42BF-866B-2EC453228F34}.Debug|Any CPU.ActiveCfg = Debug|Any CPU
		{E91D2C7B-CF16-42BF-866B-2EC453228F34}.Debug|Any CPU.Build.0 = Debug|Any CPU
		{E91D2C7B-CF16-42BF-866B-2EC453228F34}.Release|Any CPU.ActiveCfg = Release|Any CPU
		{E91D2C7B-CF16-42BF-866B-2EC453228F34}.Release|Any CPU.Build.0 = Release|Any CPU
	EndGlobalSection
	GlobalSection(SolutionProperties) = preSolution
		HideSolutionNode = FALSE
	EndGlobalSection
	GlobalSection(NestedProjects) = preSolution
		{1179EDCA-1A93-401C-A847-AAB563C5029E} = {16DEE8FC-5EDE-42DF-9386-528F579C166D}
		{9346E459-9DFC-4515-90E8-933A6B8F59B5} = {16DEE8FC-5EDE-42DF-9386-528F579C166D}
		{1DF0C97E-BF52-42D4-87DA-36025C34CDAB} = {16DEE8FC-5EDE-42DF-9386-528F579C166D}
		{20203900-CE4A-4B88-A006-82DF4F9D9A12} = {A8EA1A26-EA0A-4647-A69F-48204A7AA9A0}
		{E91D2C7B-CF16-42BF-866B-2EC453228F34} = {16DEE8FC-5EDE-42DF-9386-528F579C166D}
	EndGlobalSection
	GlobalSection(ExtensibilityGlobals) = postSolution
		SolutionGuid = {777B6C86-08A0-4823-83C5-4DE00B557828}
	EndGlobalSection
EndGlobal
